
Microsoft Visual Studio Solution File, Format Version 12.00
# Visual Studio 15
VisualStudioVersion = 15.0.26730.16
MinimumVisualStudioVersion = 10.0.40219.1
Project("{FAE04EC0-301F-11D3-BF4B-00C04F79EFBC}") = "Zad1", "Zad1\Zad1.csproj", "{D73B4172-D4DB-4D25-94DF-14D676F5D87D}"
EndProject
Project("{FAE04EC0-301F-11D3-BF4B-00C04F79EFBC}") = "Zad2", "Zad2\Zad2.csproj", "{DD42C599-A4A0-4793-B6C2-3D965749E369}"
EndProject
Project("{FAE04EC0-301F-11D3-BF4B-00C04F79EFBC}") = "Zad3", "Zad3\Zad3.csproj", "{2B8BEBC3-FFFC-4F27-9B89-0B5B73910412}"
EndProject
Global
	GlobalSection(SolutionConfigurationPlatforms) = preSolution
		Debug|Any CPU = Debug|Any CPU
		Release|Any CPU = Release|Any CPU
	EndGlobalSection
	GlobalSection(ProjectConfigurationPlatforms) = postSolution
		{D73B4172-D4DB-4D25-94DF-14D676F5D87D}.Debug|Any CPU.ActiveCfg = Debug|Any CPU
		{D73B4172-D4DB-4D25-94DF-14D676F5D87D}.Debug|Any CPU.Build.0 = Debug|Any CPU
		{D73B4172-D4DB-4D25-94DF-14D676F5D87D}.Release|Any CPU.ActiveCfg = Release|Any CPU
		{D73B4172-D4DB-4D25-94DF-14D676F5D87D}.Release|Any CPU.Build.0 = Release|Any CPU
		{DD42C599-A4A0-4793-B6C2-3D965749E369}.Debug|Any CPU.ActiveCfg = Debug|Any CPU
		{DD42C599-A4A0-4793-B6C2-3D965749E369}.Debug|Any CPU.Build.0 = Debug|Any CPU
		{DD42C599-A4A0-4793-B6C2-3D965749E369}.Release|Any CPU.ActiveCfg = Release|Any CPU
		{DD42C599-A4A0-4793-B6C2-3D965749E369}.Release|Any CPU.Build.0 = Release|Any CPU
		{2B8BEBC3-FFFC-4F27-9B89-0B5B73910412}.Debug|Any CPU.ActiveCfg = Debug|Any CPU
		{2B8BEBC3-FFFC-4F27-9B89-0B5B73910412}.Debug|Any CPU.Build.0 = Debug|Any CPU
		{2B8BEBC3-FFFC-4F27-9B89-0B5B73910412}.Release|Any CPU.ActiveCfg = Release|Any CPU
		{2B8BEBC3-FFFC-4F27-9B89-0B5B73910412}.Release|Any CPU.Build.0 = Release|Any CPU
	EndGlobalSection
	GlobalSection(SolutionProperties) = preSolution
		HideSolutionNode = FALSE
	EndGlobalSection
	GlobalSection(ExtensibilityGlobals) = postSolution
		SolutionGuid = {91A0F81E-A2F3-46A1-87B1-81937FA807A9}
	EndGlobalSection
EndGlobal
