
Microsoft Visual Studio Solution File, Format Version 12.00
# Visual Studio 15
VisualStudioVersion = 15.0.26730.16
MinimumVisualStudioVersion = 10.0.40219.1
Project("{FAE04EC0-301F-11D3-BF4B-00C04F79EFBC}") = "HomeWork14", "HomeWork14\HomeWork14.csproj", "{9134FB17-AAD0-4BA4-9D8B-23ABE1DBD346}"
EndProject
Global
	GlobalSection(SolutionConfigurationPlatforms) = preSolution
		Debug|Any CPU = Debug|Any CPU
		Release|Any CPU = Release|Any CPU
	EndGlobalSection
	GlobalSection(ProjectConfigurationPlatforms) = postSolution
		{9134FB17-AAD0-4BA4-9D8B-23ABE1DBD346}.Debug|Any CPU.ActiveCfg = Debug|Any CPU
		{9134FB17-AAD0-4BA4-9D8B-23ABE1DBD346}.Debug|Any CPU.Build.0 = Debug|Any CPU
		{9134FB17-AAD0-4BA4-9D8B-23ABE1DBD346}.Release|Any CPU.ActiveCfg = Release|Any CPU
		{9134FB17-AAD0-4BA4-9D8B-23ABE1DBD346}.Release|Any CPU.Build.0 = Release|Any CPU
	EndGlobalSection
	GlobalSection(SolutionProperties) = preSolution
		HideSolutionNode = FALSE
	EndGlobalSection
	GlobalSection(ExtensibilityGlobals) = postSolution
		SolutionGuid = {4D19DD00-759D-4066-BB80-27F408CD842C}
	EndGlobalSection
EndGlobal
