
Microsoft Visual Studio Solution File, Format Version 12.00
# Visual Studio 15
VisualStudioVersion = 15.0.26730.16
MinimumVisualStudioVersion = 10.0.40219.1
Project("{FAE04EC0-301F-11D3-BF4B-00C04F79EFBC}") = "Zad1", "Zad1\Zad1.csproj", "{70F75397-E447-42A0-B4AD-AC593E0E5009}"
EndProject
Global
	GlobalSection(SolutionConfigurationPlatforms) = preSolution
		Debug|Any CPU = Debug|Any CPU
		Release|Any CPU = Release|Any CPU
	EndGlobalSection
	GlobalSection(ProjectConfigurationPlatforms) = postSolution
		{70F75397-E447-42A0-B4AD-AC593E0E5009}.Debug|Any CPU.ActiveCfg = Debug|Any CPU
		{70F75397-E447-42A0-B4AD-AC593E0E5009}.Debug|Any CPU.Build.0 = Debug|Any CPU
		{70F75397-E447-42A0-B4AD-AC593E0E5009}.Release|Any CPU.ActiveCfg = Release|Any CPU
		{70F75397-E447-42A0-B4AD-AC593E0E5009}.Release|Any CPU.Build.0 = Release|Any CPU
	EndGlobalSection
	GlobalSection(SolutionProperties) = preSolution
		HideSolutionNode = FALSE
	EndGlobalSection
	GlobalSection(ExtensibilityGlobals) = postSolution
		SolutionGuid = {81E35139-1F1D-4EB3-B93C-A2A8F1CBA623}
	EndGlobalSection
EndGlobal
